
Microsoft Visual Studio Solution File, Format Version 12.00
# Visual Studio Version 17
VisualStudioVersion = 17.12.35707.178 d17.12
MinimumVisualStudioVersion = 10.0.40219.1
Project("{FAE04EC0-301F-11D3-BF4B-00C04F79EFBC}") = "valores.Android", "valores.Android\valores.Android.csproj", "{E6CB9F0C-50B3-459C-AFA7-8F7A40C95D5B}"
EndProject
Project("{FAE04EC0-301F-11D3-BF4B-00C04F79EFBC}") = "valores.iOS", "valores.iOS\valores.iOS.csproj", "{11B5BF55-82E4-4DB2-A451-A1CCA72C92DB}"
EndProject
Project("{FAE04EC0-301F-11D3-BF4B-00C04F79EFBC}") = "valores", "valores\valores.csproj", "{A3DA9AF6-11D0-4A68-A2AB-BA50727E758C}"
EndProject
Global
	GlobalSection(SolutionConfigurationPlatforms) = preSolution
		Debug|Any CPU = Debug|Any CPU
		Release|Any CPU = Release|Any CPU
	EndGlobalSection
	GlobalSection(ProjectConfigurationPlatforms) = postSolution
		{E6CB9F0C-50B3-459C-AFA7-8F7A40C95D5B}.Debug|Any CPU.ActiveCfg = Debug|Any CPU
		{E6CB9F0C-50B3-459C-AFA7-8F7A40C95D5B}.Debug|Any CPU.Build.0 = Debug|Any CPU
		{E6CB9F0C-50B3-459C-AFA7-8F7A40C95D5B}.Debug|Any CPU.Deploy.0 = Debug|Any CPU
		{E6CB9F0C-50B3-459C-AFA7-8F7A40C95D5B}.Release|Any CPU.ActiveCfg = Release|Any CPU
		{E6CB9F0C-50B3-459C-AFA7-8F7A40C95D5B}.Release|Any CPU.Build.0 = Release|Any CPU
		{E6CB9F0C-50B3-459C-AFA7-8F7A40C95D5B}.Release|Any CPU.Deploy.0 = Release|Any CPU
		{11B5BF55-82E4-4DB2-A451-A1CCA72C92DB}.Debug|Any CPU.ActiveCfg = Debug|iPhone
		{11B5BF55-82E4-4DB2-A451-A1CCA72C92DB}.Debug|Any CPU.Build.0 = Debug|iPhone
		{11B5BF55-82E4-4DB2-A451-A1CCA72C92DB}.Debug|Any CPU.Deploy.0 = Debug|iPhone
		{11B5BF55-82E4-4DB2-A451-A1CCA72C92DB}.Release|Any CPU.ActiveCfg = Release|iPhoneSimulator
		{11B5BF55-82E4-4DB2-A451-A1CCA72C92DB}.Release|Any CPU.Build.0 = Release|iPhoneSimulator
		{11B5BF55-82E4-4DB2-A451-A1CCA72C92DB}.Release|Any CPU.Deploy.0 = Release|iPhoneSimulator
		{A3DA9AF6-11D0-4A68-A2AB-BA50727E758C}.Debug|Any CPU.ActiveCfg = Debug|Any CPU
		{A3DA9AF6-11D0-4A68-A2AB-BA50727E758C}.Debug|Any CPU.Build.0 = Debug|Any CPU
		{A3DA9AF6-11D0-4A68-A2AB-BA50727E758C}.Debug|Any CPU.Deploy.0 = Debug|Any CPU
		{A3DA9AF6-11D0-4A68-A2AB-BA50727E758C}.Release|Any CPU.ActiveCfg = Release|Any CPU
		{A3DA9AF6-11D0-4A68-A2AB-BA50727E758C}.Release|Any CPU.Build.0 = Release|Any CPU
		{A3DA9AF6-11D0-4A68-A2AB-BA50727E758C}.Release|Any CPU.Deploy.0 = Release|Any CPU
	EndGlobalSection
	GlobalSection(SolutionProperties) = preSolution
		HideSolutionNode = FALSE
	EndGlobalSection
EndGlobal
